// !$*UTF8*$!
{
	archiveVersion = 1;
	classes = {
	};
	objectVersion = 50;
	objects = {

/* Begin PBXBuildFile section */
		4585D11224E0DA6E0062BB09 /* AppDelegate.m in Sources */ = {isa = PBXBuildFile; fileRef = 4585D11124E0DA6E0062BB09 /* AppDelegate.m */; };
		4585D11524E0DA6E0062BB09 /* SceneDelegate.m in Sources */ = {isa = PBXBuildFile; fileRef = 4585D11424E0DA6E0062BB09 /* SceneDelegate.m */; };
		4585D11824E0DA6E0062BB09 /* ViewController.m in Sources */ = {isa = PBXBuildFile; fileRef = 4585D11724E0DA6E0062BB09 /* ViewController.m */; };
		4585D11B24E0DA6E0062BB09 /* Main.storyboard in Resources */ = {isa = PBXBuildFile; fileRef = 4585D11924E0DA6E0062BB09 /* Main.storyboard */; };
		4585D11D24E0DA730062BB09 /* Assets.xcassets in Resources */ = {isa = PBXBuildFile; fileRef = 4585D11C24E0DA730062BB09 /* Assets.xcassets */; };
		4585D12024E0DA730062BB09 /* LaunchScreen.storyboard in Resources */ = {isa = PBXBuildFile; fileRef = 4585D11E24E0DA730062BB09 /* LaunchScreen.storyboard */; };
		4585D12324E0DA730062BB09 /* main.m in Sources */ = {isa = PBXBuildFile; fileRef = 4585D12224E0DA730062BB09 /* main.m */; };
/* End PBXBuildFile section */

/* Begin PBXFileReference section */
		4585D10D24E0DA6E0062BB09 /* scrollTab.app */ = {isa = PBXFileReference; explicitFileType = wrapper.application; includeInIndex = 0; path = scrollTab.app; sourceTree = BUILT_PRODUCTS_DIR; };
		4585D11024E0DA6E0062BB09 /* AppDelegate.h */ = {isa = PBXFileReference; lastKnownFileType = sourcecode.c.h; path = AppDelegate.h; sourceTree = "<group>"; };
		4585D11124E0DA6E0062BB09 /* AppDelegate.m */ = {isa = PBXFileReference; lastKnownFileType = sourcecode.c.objc; path = AppDelegate.m; sourceTree = "<group>"; };
		4585D11324E0DA6E0062BB09 /* SceneDelegate.h */ = {isa = PBXFileReference; lastKnownFileType = sourcecode.c.h; path = SceneDelegate.h; sourceTree = "<group>"; };
		4585D11424E0DA6E0062BB09 /* SceneDelegate.m */ = {isa = PBXFileReference; lastKnownFileType = sourcecode.c.objc; path = SceneDelegate.m; sourceTree = "<group>"; };
		4585D11624E0DA6E0062BB09 /* ViewController.h */ = {isa = PBXFileReference; lastKnownFileType = sourcecode.c.h; path = ViewController.h; sourceTree = "<group>"; };
		4585D11724E0DA6E0062BB09 /* ViewController.m */ = {isa = PBXFileReference; lastKnownFileType = sourcecode.c.objc; path = ViewController.m; sourceTree = "<group>"; };
		4585D11A24E0DA6E0062BB09 /* Base */ = {isa = PBXFileReference; lastKnownFileType = file.storyboard; name = Base; path = Base.lproj/Main.storyboard; sourceTree = "<group>"; };
		4585D11C24E0DA730062BB09 /* Assets.xcassets */ = {isa = PBXFileReference; lastKnownFileType = folder.assetcatalog; path = Assets.xcassets; sourceTree = "<group>"; };
		4585D11F24E0DA730062BB09 /* Base */ = {isa = PBXFileReference; lastKnownFileType = file.storyboard; name = Base; path = Base.lproj/LaunchScreen.storyboard; sourceTree = "<group>"; };
		4585D12124E0DA730062BB09 /* Info.plist */ = {isa = PBXFileReference; lastKnownFileType = text.plist.xml; path = Info.plist; sourceTree = "<group>"; };
		4585D12224E0DA730062BB09 /* main.m */ = {isa = PBXFileReference; lastKnownFileType = sourcecode.c.objc; path = main.m; sourceTree = "<group>"; };
/* End PBXFileReference section */

/* Begin PBXFrameworksBuildPhase section */
		4585D10A24E0DA6E0062BB09 /* Frameworks */ = {
			isa = PBXFrameworksBuildPhase;
			buildActionMask = 2147483647;
			files = (
			);
			runOnlyForDeploymentPostprocessing = 0;
		};
/* End PBXFrameworksBuildPhase section */

/* Begin PBXGroup section */
		4585D10424E0DA6E0062BB09 = {
			isa = PBXGroup;
			children = (
				4585D10F24E0DA6E0062BB09 /* scrollTab */,
				4585D10E24E0DA6E0062BB09 /* Products */,
			);
			sourceTree = "<group>";
		};
		4585D10E24E0DA6E0062BB09 /* Products */ = {
			isa = PBXGroup;
			children = (
				4585D10D24E0DA6E0062BB09 /* scrollTab.app */,
			);
			name = Products;
			sourceTree = "<group>";
		};
		4585D10F24E0DA6E0062BB09 /* scrollTab */ = {
			isa = PBXGroup;
			children = (
				4585D11024E0DA6E0062BB09 /* AppDelegate.h */,
				4585D11124E0DA6E0062BB09 /* AppDelegate.m */,
				4585D11324E0DA6E0062BB09 /* SceneDelegate.h */,
				4585D11424E0DA6E0062BB09 /* SceneDelegate.m */,
				4585D11624E0DA6E0062BB09 /* ViewController.h */,
				4585D11724E0DA6E0062BB09 /* ViewController.m */,
				4585D11924E0DA6E0062BB09 /* Main.storyboard */,
				4585D11C24E0DA730062BB09 /* Assets.xcassets */,
				4585D11E24E0DA730062BB09 /* LaunchScreen.storyboard */,
				4585D12124E0DA730062BB09 /* Info.plist */,
				4585D12224E0DA730062BB09 /* main.m */,
			);
			path = scrollTab;
			sourceTree = "<group>";
		};
/* End PBXGroup section */

/* Begin PBXNativeTarget section */
		4585D10C24E0DA6E0062BB09 /* scrollTab */ = {
			isa = PBXNativeTarget;
			buildConfigurationList = 4585D12624E0DA730062BB09 /* Build configuration list for PBXNativeTarget "scrollTab" */;
			buildPhases = (
				4585D10924E0DA6E0062BB09 /* Sources */,
				4585D10A24E0DA6E0062BB09 /* Frameworks */,
				4585D10B24E0DA6E0062BB09 /* Resources */,
			);
			buildRules = (
			);
			dependencies = (
			);
			name = scrollTab;
			productName = scrollTab;
			productReference = 4585D10D24E0DA6E0062BB09 /* scrollTab.app */;
			productType = "com.apple.product-type.application";
		};
/* End PBXNativeTarget section */

/* Begin PBXProject section */
		4585D10524E0DA6E0062BB09 /* Project object */ = {
			isa = PBXProject;
			attributes = {
				LastUpgradeCheck = 1160;
				ORGANIZATIONNAME = Wedian;
				TargetAttributes = {
					4585D10C24E0DA6E0062BB09 = {
						CreatedOnToolsVersion = 11.6;
					};
				};
			};
			buildConfigurationList = 4585D10824E0DA6E0062BB09 /* Build configuration list for PBXProject "scrollTab" */;
			compatibilityVersion = "Xcode 9.3";
			developmentRegion = en;
			hasScannedForEncodings = 0;
			knownRegions = (
				en,
				Base,
			);
			mainGroup = 4585D10424E0DA6E0062BB09;
			productRefGroup = 4585D10E24E0DA6E0062BB09 /* Products */;
			projectDirPath = "";
			projectRoot = "";
			targets = (
				4585D10C24E0DA6E0062BB09 /* scrollTab */,
			);
		};
/* End PBXProject section */

/* Begin PBXResourcesBuildPhase section */
		4585D10B24E0DA6E0062BB09 /* Resources */ = {
			isa = PBXResourcesBuildPhase;
			buildActionMask = 2147483647;
			files = (
				4585D12024E0DA730062BB09 /* LaunchScreen.storyboard in Resources */,
				4585D11D24E0DA730062BB09 /* Assets.xcassets in Resources */,
				4585D11B24E0DA6E0062BB09 /* Main.storyboard in Resources */,
			);
			runOnlyForDeploymentPostprocessing = 0;
		};
/* End PBXResourcesBuildPhase section */

/* Begin PBXSourcesBuildPhase section */
		4585D10924E0DA6E0062BB09 /* Sources */ = {
			isa = PBXSourcesBuildPhase;
			buildActionMask = 2147483647;
			files = (
				4585D11824E0DA6E0062BB09 /* ViewController.m in Sources */,
				4585D11224E0DA6E0062BB09 /* AppDelegate.m in Sources */,
				4585D12324E0DA730062BB09 /* main.m in Sources */,
				4585D11524E0DA6E0062BB09 /* SceneDelegate.m in Sources */,
			);
			runOnlyForDeploymentPostprocessing = 0;
		};
/* End PBXSourcesBuildPhase section */

/* Begin PBXVariantGroup section */
		4585D11924E0DA6E0062BB09 /* Main.storyboard */ = {
			isa = PBXVariantGroup;
			children = (
				4585D11A24E0DA6E0062BB09 /* Base */,
			);
			name = Main.storyboard;
			sourceTree = "<group>";
		};
		4585D11E24E0DA730062BB09 /* LaunchScreen.storyboard */ = {
			isa = PBXVariantGroup;
			children = (
				4585D11F24E0DA730062BB09 /* Base */,
			);
			name = LaunchScreen.storyboard;
			sourceTree = "<group>";
		};
/* End PBXVariantGroup section */

/* Begin XCBuildConfiguration section */
		4585D12424E0DA730062BB09 /* Debug */ = {
			isa = XCBuildConfiguration;
			buildSettings = {
				ALWAYS_SEARCH_USER_PATHS = NO;
				CLANG_ANALYZER_NONNULL = YES;
				CLANG_ANALYZER_NUMBER_OBJECT_CONVERSION = YES_AGGRESSIVE;
				CLANG_CXX_LANGUAGE_STANDARD = "gnu++14";
				CLANG_CXX_LIBRARY = "libc++";
				CLANG_ENABLE_MODULES = YES;
				CLANG_ENABLE_OBJC_ARC = YES;
				CLANG_ENABLE_OBJC_WEAK = YES;
				CLANG_WARN_BLOCK_CAPTURE_AUTORELEASING = YES;
				CLANG_WARN_BOOL_CONVERSION = YES;
				CLANG_WARN_COMMA = YES;
				CLANG_WARN_CONSTANT_CONVERSION = YES;
				CLANG_WARN_DEPRECATED_OBJC_IMPLEMENTATIONS = YES;
				CLANG_WARN_DIRECT_OBJC_ISA_USAGE = YES_ERROR;
				CLANG_WARN_DOCUMENTATION_COMMENTS = YES;
				CLANG_WARN_EMPTY_BODY = YES;
				CLANG_WARN_ENUM_CONVERSION = YES;
				CLANG_WARN_INFINITE_RECURSION = YES;
				CLANG_WARN_INT_CONVERSION = YES;
				CLANG_WARN_NON_LITERAL_NULL_CONVERSION = YES;
				CLANG_WARN_OBJC_IMPLICIT_RETAIN_SELF = YES;
				CLANG_WARN_OBJC_LITERAL_CONVERSION = YES;
				CLANG_WARN_OBJC_ROOT_CLASS = YES_ERROR;
				CLANG_WARN_RANGE_LOOP_ANALYSIS = YES;
				CLANG_WARN_STRICT_PROTOTYPES = YES;
				CLANG_WARN_SUSPICIOUS_MOVE = YES;
				CLANG_WARN_UNGUARDED_AVAILABILITY = YES_AGGRESSIVE;
				CLANG_WARN_UNREACHABLE_CODE = YES;
				CLANG_WARN__DUPLICATE_METHOD_MATCH = YES;
				COPY_PHASE_STRIP = NO;
				DEBUG_INFORMATION_FORMAT = dwarf;
				ENABLE_STRICT_OBJC_MSGSEND = YES;
				ENABLE_TESTABILITY = YES;
				GCC_C_LANGUAGE_STANDARD = gnu11;
				GCC_DYNAMIC_NO_PIC = NO;
				GCC_NO_COMMON_BLOCKS = YES;
				GCC_OPTIMIZATION_LEVEL = 0;
				GCC_PREPROCESSOR_DEFINITIONS = (
					"DEBUG=1",
					"$(inherited)",
				);
				GCC_WARN_64_TO_32_BIT_CONVERSION = YES;
				GCC_WARN_ABOUT_RETURN_TYPE = YES_ERROR;
				GCC_WARN_UNDECLARED_SELECTOR = YES;
				GCC_WARN_UNINITIALIZED_AUTOS = YES_AGGRESSIVE;
				GCC_WARN_UNUSED_FUNCTION = YES;
				GCC_WARN_UNUSED_VARIABLE = YES;
				IPHONEOS_DEPLOYMENT_TARGET = 13.6;
				MTL_ENABLE_DEBUG_INFO = INCLUDE_SOURCE;
				MTL_FAST_MATH = YES;
				ONLY_ACTIVE_ARCH = YES;
				SDKROOT = iphoneos;
			};
			name = Debug;
		};
		4585D12524E0DA730062BB09 /* Release */ = {
			isa = XCBuildConfiguration;
			buildSettings = {
				ALWAYS_SEARCH_USER_PATHS = NO;
				CLANG_ANALYZER_NONNULL = YES;
				CLANG_ANALYZER_NUMBER_OBJECT_CONVERSION = YES_AGGRESSIVE;
				CLANG_CXX_LANGUAGE_STANDARD = "gnu++14";
				CLANG_CXX_LIBRARY = "libc++";
				CLANG_ENABLE_MODULES = YES;
				CLANG_ENABLE_OBJC_ARC = YES;
				CLANG_ENABLE_OBJC_WEAK = YES;
				CLANG_WARN_BLOCK_CAPTURE_AUTORELEASING = YES;
				CLANG_WARN_BOOL_CONVERSION = YES;
				CLANG_WARN_COMMA = YES;
				CLANG_WARN_CONSTANT_CONVERSION = YES;
				CLANG_WARN_DEPRECATED_OBJC_IMPLEMENTATIONS = YES;
				CLANG_WARN_DIRECT_OBJC_ISA_USAGE = YES_ERROR;
				CLANG_WARN_DOCUMENTATION_COMMENTS = YES;
				CLANG_WARN_EMPTY_BODY = YES;
				CLANG_WARN_ENUM_CONVERSION = YES;
				CLANG_WARN_INFINITE_RECURSION = YES;
				CLANG_WARN_INT_CONVERSION = YES;
				CLANG_WARN_NON_LITERAL_NULL_CONVERSION = YES;
				CLANG_WARN_OBJC_IMPLICIT_RETAIN_SELF = YES;
				CLANG_WARN_OBJC_LITERAL_CONVERSION = YES;
				CLANG_WARN_OBJC_ROOT_CLASS = YES_ERROR;
				CLANG_WARN_RANGE_LOOP_ANALYSIS = YES;
				CLANG_WARN_STRICT_PROTOTYPES = YES;
				CLANG_WARN_SUSPICIOUS_MOVE = YES;
				CLANG_WARN_UNGUARDED_AVAILABILITY = YES_AGGRESSIVE;
				CLANG_WARN_UNREACHABLE_CODE = YES;
				CLANG_WARN__DUPLICATE_METHOD_MATCH = YES;
				COPY_PHASE_STRIP = NO;
				DEBUG_INFORMATION_FORMAT = "dwarf-with-dsym";
				ENABLE_NS_ASSERTIONS = NO;
				ENABLE_STRICT_OBJC_MSGSEND = YES;
				GCC_C_LANGUAGE_STANDARD = gnu11;
				GCC_NO_COMMON_BLOCKS = YES;
				GCC_WARN_64_TO_32_BIT_CONVERSION = YES;
				GCC_WARN_ABOUT_RETURN_TYPE = YES_ERROR;
				GCC_WARN_UNDECLARED_SELECTOR = YES;
				GCC_WARN_UNINITIALIZED_AUTOS = YES_AGGRESSIVE;
				GCC_WARN_UNUSED_FUNCTION = YES;
				GCC_WARN_UNUSED_VARIABLE = YES;
				IPHONEOS_DEPLOYMENT_TARGET = 13.6;
				MTL_ENABLE_DEBUG_INFO = NO;
				MTL_FAST_MATH = YES;
				SDKROOT = iphoneos;
				VALIDATE_PRODUCT = YES;
			};
			name = Release;
		};
		4585D12724E0DA730062BB09 /* Debug */ = {
			isa = XCBuildConfiguration;
			buildSettings = {
				ASSETCATALOG_COMPILER_APPICON_NAME = AppIcon;
				CODE_SIGN_STYLE = Automatic;
				INFOPLIST_FILE = scrollTab/Info.plist;
				LD_RUNPATH_SEARCH_PATHS = (
					"$(inherited)",
					"@executable_path/Frameworks",
				);
				PRODUCT_BUNDLE_IDENTIFIER = com.koudai.com.scrollTab.scrollTab;
				PRODUCT_NAME = "$(TARGET_NAME)";
				TARGETED_DEVICE_FAMILY = "1,2";
			};
			name = Debug;
		};
		4585D12824E0DA730062BB09 /* Release */ = {
			isa = XCBuildConfiguration;
			buildSettings = {
				ASSETCATALOG_COMPILER_APPICON_NAME = AppIcon;
				CODE_SIGN_STYLE = Automatic;
				INFOPLIST_FILE = scrollTab/Info.plist;
				LD_RUNPATH_SEARCH_PATHS = (
					"$(inherited)",
					"@executable_path/Frameworks",
				);
				PRODUCT_BUNDLE_IDENTIFIER = com.koudai.com.scrollTab.scrollTab;
				PRODUCT_NAME = "$(TARGET_NAME)";
				TARGETED_DEVICE_FAMILY = "1,2";
			};
			name = Release;
		};
/* End XCBuildConfiguration section */

/* Begin XCConfigurationList section */
		4585D10824E0DA6E0062BB09 /* Build configuration list for PBXProject "scrollTab" */ = {
			isa = XCConfigurationList;
			buildConfigurations = (
				4585D12424E0DA730062BB09 /* Debug */,
				4585D12524E0DA730062BB09 /* Release */,
			);
			defaultConfigurationIsVisible = 0;
			defaultConfigurationName = Release;
		};
		4585D12624E0DA730062BB09 /* Build configuration list for PBXNativeTarget "scrollTab" */ = {
			isa = XCConfigurationList;
			buildConfigurations = (
				4585D12724E0DA730062BB09 /* Debug */,
				4585D12824E0DA730062BB09 /* Release */,
			);
			defaultConfigurationIsVisible = 0;
			defaultConfigurationName = Release;
		};
/* End XCConfigurationList section */
	};
	rootObject = 4585D10524E0DA6E0062BB09 /* Project object */;
}
